
Microsoft Visual Studio Solution File, Format Version 12.00
# Visual Studio Version 17
VisualStudioVersion = 17.0.31903.59
MinimumVisualStudioVersion = 10.0.40219.1
Project("{2150E333-8FDC-42A3-9474-1A3956D46DE8}") = "src", "src", "{26C1B634-0948-4278-BEC3-BEDE78BC158D}"
EndProject
Project("{FAE04EC0-301F-11D3-BF4B-00C04F79EFBC}") = "CashFlow.Api", "src\CashFlow.Api\CashFlow.Api.csproj", "{628280FC-EC8A-45CF-99A6-D793AC47F4F2}"
EndProject
Project("{FAE04EC0-301F-11D3-BF4B-00C04F79EFBC}") = "CashFlow.Application", "src\CashFlow.Application\CashFlow.Application.csproj", "{036D5EF6-BAC5-4858-9C0C-500F25C93600}"
EndProject
Project("{FAE04EC0-301F-11D3-BF4B-00C04F79EFBC}") = "CashFlow.Infrastructure", "src\CashFlow.Infrastructure\CashFlow.Infrastructure.csproj", "{8B463D4E-02B9-4AD1-8605-B87F508516FE}"
EndProject
Project("{2150E333-8FDC-42A3-9474-1A3956D46DE8}") = "tests", "tests", "{032812EF-4036-4ABA-8E08-4D7BE4BE8EBE}"
EndProject
Project("{FAE04EC0-301F-11D3-BF4B-00C04F79EFBC}") = "CashFlow.Application.Tests", "tests\CashFlow.Application.Tests\CashFlow.Application.Tests.csproj", "{3AAD01DE-B13C-49E8-B6BD-C24E00072838}"
EndProject
Global
	GlobalSection(SolutionConfigurationPlatforms) = preSolution
		Debug|Any CPU = Debug|Any CPU
		Release|Any CPU = Release|Any CPU
	EndGlobalSection
	GlobalSection(SolutionProperties) = preSolution
		HideSolutionNode = FALSE
	EndGlobalSection
	GlobalSection(ProjectConfigurationPlatforms) = postSolution
		{628280FC-EC8A-45CF-99A6-D793AC47F4F2}.Debug|Any CPU.ActiveCfg = Debug|Any CPU
		{628280FC-EC8A-45CF-99A6-D793AC47F4F2}.Debug|Any CPU.Build.0 = Debug|Any CPU
		{628280FC-EC8A-45CF-99A6-D793AC47F4F2}.Release|Any CPU.ActiveCfg = Release|Any CPU
		{628280FC-EC8A-45CF-99A6-D793AC47F4F2}.Release|Any CPU.Build.0 = Release|Any CPU
		{036D5EF6-BAC5-4858-9C0C-500F25C93600}.Debug|Any CPU.ActiveCfg = Debug|Any CPU
		{036D5EF6-BAC5-4858-9C0C-500F25C93600}.Debug|Any CPU.Build.0 = Debug|Any CPU
		{036D5EF6-BAC5-4858-9C0C-500F25C93600}.Release|Any CPU.ActiveCfg = Release|Any CPU
		{036D5EF6-BAC5-4858-9C0C-500F25C93600}.Release|Any CPU.Build.0 = Release|Any CPU
		{8B463D4E-02B9-4AD1-8605-B87F508516FE}.Debug|Any CPU.ActiveCfg = Debug|Any CPU
		{8B463D4E-02B9-4AD1-8605-B87F508516FE}.Debug|Any CPU.Build.0 = Debug|Any CPU
		{8B463D4E-02B9-4AD1-8605-B87F508516FE}.Release|Any CPU.ActiveCfg = Release|Any CPU
		{8B463D4E-02B9-4AD1-8605-B87F508516FE}.Release|Any CPU.Build.0 = Release|Any CPU
		{3AAD01DE-B13C-49E8-B6BD-C24E00072838}.Debug|Any CPU.ActiveCfg = Debug|Any CPU
		{3AAD01DE-B13C-49E8-B6BD-C24E00072838}.Debug|Any CPU.Build.0 = Debug|Any CPU
		{3AAD01DE-B13C-49E8-B6BD-C24E00072838}.Release|Any CPU.ActiveCfg = Release|Any CPU
		{3AAD01DE-B13C-49E8-B6BD-C24E00072838}.Release|Any CPU.Build.0 = Release|Any CPU
	EndGlobalSection
	GlobalSection(NestedProjects) = preSolution
		{628280FC-EC8A-45CF-99A6-D793AC47F4F2} = {26C1B634-0948-4278-BEC3-BEDE78BC158D}
		{036D5EF6-BAC5-4858-9C0C-500F25C93600} = {26C1B634-0948-4278-BEC3-BEDE78BC158D}
		{8B463D4E-02B9-4AD1-8605-B87F508516FE} = {26C1B634-0948-4278-BEC3-BEDE78BC158D}
		{3AAD01DE-B13C-49E8-B6BD-C24E00072838} = {032812EF-4036-4ABA-8E08-4D7BE4BE8EBE}
	EndGlobalSection
EndGlobal
